// !$*UTF8*$!
{
	archiveVersion = 1;
	classes = {
	};
	objectVersion = 46;
	objects = {

/* Begin PBXBuildFile section */
		E94349D719A2AEE200222F4C /* main.swift in Sources */ = {isa = PBXBuildFile; fileRef = E94349D619A2AEE200222F4C /* main.swift */; };
		E94349DF19A2AEF800222F4C /* turbocar.swift in Sources */ = {isa = PBXBuildFile; fileRef = E94349DD19A2AEF800222F4C /* turbocar.swift */; };
		E94349E019A2AEF800222F4C /* Unit2Lesson3.swift in Sources */ = {isa = PBXBuildFile; fileRef = E94349DE19A2AEF800222F4C /* Unit2Lesson3.swift */; };
		E94349E219A2B13200222F4C /* Hybrid.swift in Sources */ = {isa = PBXBuildFile; fileRef = E94349E119A2B13200222F4C /* Hybrid.swift */; };
		E94349E419A2B24700222F4C /* PickUpTruck.swift in Sources */ = {isa = PBXBuildFile; fileRef = E94349E319A2B24700222F4C /* PickUpTruck.swift */; };
/* End PBXBuildFile section */

/* Begin PBXCopyFilesBuildPhase section */
		E94349D119A2AEE200222F4C /* CopyFiles */ = {
			isa = PBXCopyFilesBuildPhase;
			buildActionMask = 2147483647;
			dstPath = /usr/share/man/man1/;
			dstSubfolderSpec = 0;
			files = (
			);
			runOnlyForDeploymentPostprocessing = 1;
		};
/* End PBXCopyFilesBuildPhase section */

/* Begin PBXFileReference section */
		E94349D319A2AEE200222F4C /* Unit2Lesson3 */ = {isa = PBXFileReference; explicitFileType = "compiled.mach-o.executable"; includeInIndex = 0; path = Unit2Lesson3; sourceTree = BUILT_PRODUCTS_DIR; };
		E94349D619A2AEE200222F4C /* main.swift */ = {isa = PBXFileReference; lastKnownFileType = sourcecode.swift; path = main.swift; sourceTree = "<group>"; };
		E94349DD19A2AEF800222F4C /* turbocar.swift */ = {isa = PBXFileReference; fileEncoding = 4; lastKnownFileType = sourcecode.swift; name = turbocar.swift; path = ../../turbocar.swift; sourceTree = "<group>"; };
		E94349DE19A2AEF800222F4C /* Unit2Lesson3.swift */ = {isa = PBXFileReference; fileEncoding = 4; lastKnownFileType = sourcecode.swift; name = Unit2Lesson3.swift; path = ../../Unit2Lesson3.swift; sourceTree = "<group>"; };
		E94349E119A2B13200222F4C /* Hybrid.swift */ = {isa = PBXFileReference; fileEncoding = 4; lastKnownFileType = sourcecode.swift; path = Hybrid.swift; sourceTree = "<group>"; };
		E94349E319A2B24700222F4C /* PickUpTruck.swift */ = {isa = PBXFileReference; fileEncoding = 4; lastKnownFileType = sourcecode.swift; path = PickUpTruck.swift; sourceTree = "<group>"; };
/* End PBXFileReference section */

/* Begin PBXFrameworksBuildPhase section */
		E94349D019A2AEE200222F4C /* Frameworks */ = {
			isa = PBXFrameworksBuildPhase;
			buildActionMask = 2147483647;
			files = (
			);
			runOnlyForDeploymentPostprocessing = 0;
		};
/* End PBXFrameworksBuildPhase section */

/* Begin PBXGroup section */
		E94349CA19A2AEE200222F4C = {
			isa = PBXGroup;
			children = (
				E94349D519A2AEE200222F4C /* Unit2Lesson3 */,
				E94349D419A2AEE200222F4C /* Products */,
			);
			sourceTree = "<group>";
		};
		E94349D419A2AEE200222F4C /* Products */ = {
			isa = PBXGroup;
			children = (
				E94349D319A2AEE200222F4C /* Unit2Lesson3 */,
			);
			name = Products;
			sourceTree = "<group>";
		};
		E94349D519A2AEE200222F4C /* Unit2Lesson3 */ = {
			isa = PBXGroup;
			children = (
				E94349D619A2AEE200222F4C /* main.swift */,
				E94349DD19A2AEF800222F4C /* turbocar.swift */,
				E94349DE19A2AEF800222F4C /* Unit2Lesson3.swift */,
				E94349E119A2B13200222F4C /* Hybrid.swift */,
				E94349E319A2B24700222F4C /* PickUpTruck.swift */,
			);
			path = Unit2Lesson3;
			sourceTree = "<group>";
		};
/* End PBXGroup section */

/* Begin PBXNativeTarget section */
		E94349D219A2AEE200222F4C /* Unit2Lesson3 */ = {
			isa = PBXNativeTarget;
			buildConfigurationList = E94349DA19A2AEE200222F4C /* Build configuration list for PBXNativeTarget "Unit2Lesson3" */;
			buildPhases = (
				E94349CF19A2AEE200222F4C /* Sources */,
				E94349D019A2AEE200222F4C /* Frameworks */,
				E94349D119A2AEE200222F4C /* CopyFiles */,
			);
			buildRules = (
			);
			dependencies = (
			);
			name = Unit2Lesson3;
			productName = Unit2Lesson3;
			productReference = E94349D319A2AEE200222F4C /* Unit2Lesson3 */;
			productType = "com.apple.product-type.tool";
		};
/* End PBXNativeTarget section */

/* Begin PBXProject section */
		E94349CB19A2AEE200222F4C /* Project object */ = {
			isa = PBXProject;
			attributes = {
				LastUpgradeCheck = 0600;
				ORGANIZATIONNAME = SJ;
				TargetAttributes = {
					E94349D219A2AEE200222F4C = {
						CreatedOnToolsVersion = 6.0;
					};
				};
			};
			buildConfigurationList = E94349CE19A2AEE200222F4C /* Build configuration list for PBXProject "Unit2Lesson3" */;
			compatibilityVersion = "Xcode 3.2";
			developmentRegion = English;
			hasScannedForEncodings = 0;
			knownRegions = (
				en,
			);
			mainGroup = E94349CA19A2AEE200222F4C;
			productRefGroup = E94349D419A2AEE200222F4C /* Products */;
			projectDirPath = "";
			projectRoot = "";
			targets = (
				E94349D219A2AEE200222F4C /* Unit2Lesson3 */,
			);
		};
/* End PBXProject section */

/* Begin PBXSourcesBuildPhase section */
		E94349CF19A2AEE200222F4C /* Sources */ = {
			isa = PBXSourcesBuildPhase;
			buildActionMask = 2147483647;
			files = (
				E94349E019A2AEF800222F4C /* Unit2Lesson3.swift in Sources */,
				E94349E219A2B13200222F4C /* Hybrid.swift in Sources */,
				E94349D719A2AEE200222F4C /* main.swift in Sources */,
				E94349E419A2B24700222F4C /* PickUpTruck.swift in Sources */,
				E94349DF19A2AEF800222F4C /* turbocar.swift in Sources */,
			);
			runOnlyForDeploymentPostprocessing = 0;
		};
/* End PBXSourcesBuildPhase section */

/* Begin XCBuildConfiguration section */
		E94349D819A2AEE200222F4C /* Debug */ = {
			isa = XCBuildConfiguration;
			buildSettings = {
				ALWAYS_SEARCH_USER_PATHS = NO;
				CLANG_CXX_LANGUAGE_STANDARD = "gnu++0x";
				CLANG_CXX_LIBRARY = "libc++";
				CLANG_ENABLE_MODULES = YES;
				CLANG_ENABLE_OBJC_ARC = YES;
				CLANG_WARN_BOOL_CONVERSION = YES;
				CLANG_WARN_CONSTANT_CONVERSION = YES;
				CLANG_WARN_DIRECT_OBJC_ISA_USAGE = YES_ERROR;
				CLANG_WARN_EMPTY_BODY = YES;
				CLANG_WARN_ENUM_CONVERSION = YES;
				CLANG_WARN_INT_CONVERSION = YES;
				CLANG_WARN_OBJC_ROOT_CLASS = YES_ERROR;
				CLANG_WARN_UNREACHABLE_CODE = YES;
				CLANG_WARN__DUPLICATE_METHOD_MATCH = YES;
				COPY_PHASE_STRIP = NO;
				ENABLE_STRICT_OBJC_MSGSEND = YES;
				GCC_C_LANGUAGE_STANDARD = gnu99;
				GCC_DYNAMIC_NO_PIC = NO;
				GCC_OPTIMIZATION_LEVEL = 0;
				GCC_PREPROCESSOR_DEFINITIONS = (
					"DEBUG=1",
					"$(inherited)",
				);
				GCC_SYMBOLS_PRIVATE_EXTERN = NO;
				GCC_WARN_64_TO_32_BIT_CONVERSION = YES;
				GCC_WARN_ABOUT_RETURN_TYPE = YES_ERROR;
				GCC_WARN_UNDECLARED_SELECTOR = YES;
				GCC_WARN_UNINITIALIZED_AUTOS = YES_AGGRESSIVE;
				GCC_WARN_UNUSED_FUNCTION = YES;
				GCC_WARN_UNUSED_VARIABLE = YES;
				MACOSX_DEPLOYMENT_TARGET = 10.9;
				MTL_ENABLE_DEBUG_INFO = YES;
				ONLY_ACTIVE_ARCH = YES;
				SDKROOT = macosx;
				SWIFT_OPTIMIZATION_LEVEL = "-Onone";
			};
			name = Debug;
		};
		E94349D919A2AEE200222F4C /* Release */ = {
			isa = XCBuildConfiguration;
			buildSettings = {
				ALWAYS_SEARCH_USER_PATHS = NO;
				CLANG_CXX_LANGUAGE_STANDARD = "gnu++0x";
				CLANG_CXX_LIBRARY = "libc++";
				CLANG_ENABLE_MODULES = YES;
				CLANG_ENABLE_OBJC_ARC = YES;
				CLANG_WARN_BOOL_CONVERSION = YES;
				CLANG_WARN_CONSTANT_CONVERSION = YES;
				CLANG_WARN_DIRECT_OBJC_ISA_USAGE = YES_ERROR;
				CLANG_WARN_EMPTY_BODY = YES;
				CLANG_WARN_ENUM_CONVERSION = YES;
				CLANG_WARN_INT_CONVERSION = YES;
				CLANG_WARN_OBJC_ROOT_CLASS = YES_ERROR;
				CLANG_WARN_UNREACHABLE_CODE = YES;
				CLANG_WARN__DUPLICATE_METHOD_MATCH = YES;
				COPY_PHASE_STRIP = YES;
				DEBUG_INFORMATION_FORMAT = "dwarf-with-dsym";
				ENABLE_NS_ASSERTIONS = NO;
				ENABLE_STRICT_OBJC_MSGSEND = YES;
				GCC_C_LANGUAGE_STANDARD = gnu99;
				GCC_WARN_64_TO_32_BIT_CONVERSION = YES;
				GCC_WARN_ABOUT_RETURN_TYPE = YES_ERROR;
				GCC_WARN_UNDECLARED_SELECTOR = YES;
				GCC_WARN_UNINITIALIZED_AUTOS = YES_AGGRESSIVE;
				GCC_WARN_UNUSED_FUNCTION = YES;
				GCC_WARN_UNUSED_VARIABLE = YES;
				MACOSX_DEPLOYMENT_TARGET = 10.9;
				MTL_ENABLE_DEBUG_INFO = NO;
				SDKROOT = macosx;
			};
			name = Release;
		};
		E94349DB19A2AEE200222F4C /* Debug */ = {
			isa = XCBuildConfiguration;
			buildSettings = {
				PRODUCT_NAME = "$(TARGET_NAME)";
			};
			name = Debug;
		};
		E94349DC19A2AEE200222F4C /* Release */ = {
			isa = XCBuildConfiguration;
			buildSettings = {
				PRODUCT_NAME = "$(TARGET_NAME)";
			};
			name = Release;
		};
/* End XCBuildConfiguration section */

/* Begin XCConfigurationList section */
		E94349CE19A2AEE200222F4C /* Build configuration list for PBXProject "Unit2Lesson3" */ = {
			isa = XCConfigurationList;
			buildConfigurations = (
				E94349D819A2AEE200222F4C /* Debug */,
				E94349D919A2AEE200222F4C /* Release */,
			);
			defaultConfigurationIsVisible = 0;
			defaultConfigurationName = Release;
		};
		E94349DA19A2AEE200222F4C /* Build configuration list for PBXNativeTarget "Unit2Lesson3" */ = {
			isa = XCConfigurationList;
			buildConfigurations = (
				E94349DB19A2AEE200222F4C /* Debug */,
				E94349DC19A2AEE200222F4C /* Release */,
			);
			defaultConfigurationIsVisible = 0;
		};
/* End XCConfigurationList section */
	};
	rootObject = E94349CB19A2AEE200222F4C /* Project object */;
}
